
Microsoft Visual Studio Solution File, Format Version 12.00
# Visual Studio Version 17
VisualStudioVersion = 17.5.002.0
MinimumVisualStudioVersion = 10.0.40219.1
Project("{9A19103F-16F7-4668-BE54-9A1E7A4F7556}") = "Assignment_Bank_Accounts", "Assignment_Bank_Accounts.csproj", "{A2BCC357-AD3B-4406-8FB4-A59ABBCD119F}"
EndProject
Global
	GlobalSection(SolutionConfigurationPlatforms) = preSolution
		Debug|Any CPU = Debug|Any CPU
		Release|Any CPU = Release|Any CPU
	EndGlobalSection
	GlobalSection(ProjectConfigurationPlatforms) = postSolution
		{A2BCC357-AD3B-4406-8FB4-A59ABBCD119F}.Debug|Any CPU.ActiveCfg = Debug|Any CPU
		{A2BCC357-AD3B-4406-8FB4-A59ABBCD119F}.Debug|Any CPU.Build.0 = Debug|Any CPU
		{A2BCC357-AD3B-4406-8FB4-A59ABBCD119F}.Release|Any CPU.ActiveCfg = Release|Any CPU
		{A2BCC357-AD3B-4406-8FB4-A59ABBCD119F}.Release|Any CPU.Build.0 = Release|Any CPU
	EndGlobalSection
	GlobalSection(SolutionProperties) = preSolution
		HideSolutionNode = FALSE
	EndGlobalSection
	GlobalSection(ExtensibilityGlobals) = postSolution
		SolutionGuid = {76F40EBC-E6E4-465E-B85D-003F2C25EAB8}
	EndGlobalSection
EndGlobal
